
Microsoft Visual Studio Solution File, Format Version 12.00
# Visual Studio Version 16
VisualStudioVersion = 16.0.30114.105
MinimumVisualStudioVersion = 10.0.40219.1
Project("{FAE04EC0-301F-11D3-BF4B-00C04F79EFBC}") = "Application", "Gazin.Application\application.csproj", "{9BAFF01E-B0FB-436A-A5D4-AB8BF42A0EB4}"
EndProject
Project("{FAE04EC0-301F-11D3-BF4B-00C04F79EFBC}") = "Domain", "Gazin.Domain\Domain.csproj", "{B2A6CDF1-51BA-4DBF-9EC2-F7EB2C9D91BA}"
EndProject
Project("{FAE04EC0-301F-11D3-BF4B-00C04F79EFBC}") = "CrossCutting", "Gazin.CrossCutting\CrossCutting.csproj", "{7BE2A8C9-AB1D-4B08-BE7B-40B60DDADE0F}"
EndProject
Project("{FAE04EC0-301F-11D3-BF4B-00C04F79EFBC}") = "Data", "Gazin.Data\Data.csproj", "{980C4401-A12B-4D32-B9F1-BB3A53923893}"
EndProject
Project("{FAE04EC0-301F-11D3-BF4B-00C04F79EFBC}") = "Service", "Gazin.Service\Service.csproj", "{09297076-7415-48F2-9247-DB1034B6A356}"
EndProject
Project("{FAE04EC0-301F-11D3-BF4B-00C04F79EFBC}") = "Comuns", "Gazin.Comuns\Comuns.csproj", "{599B51C8-990E-4E0B-9CD4-B2E0DC06D645}"
EndProject
Project("{2150E333-8FDC-42A3-9474-1A3956D46DE8}") = "Test", "Test", "{452EE5BF-316B-4BF1-9AC9-96A07AB653C2}"
EndProject
Project("{FAE04EC0-301F-11D3-BF4B-00C04F79EFBC}") = "Gazin.Data.Test", "Test\Gazin.Data.Test\Gazin.Data.Test.csproj", "{923A26E3-3747-4E9A-A5CC-F33CBAC97C39}"
EndProject
Project("{FAE04EC0-301F-11D3-BF4B-00C04F79EFBC}") = "Gazin.Service.Test", "Test\Gazin.Service.Test\Gazin.Service.Test.csproj", "{56C009CB-EDC2-4A63-BD56-28D5A89F1540}"
EndProject
Global
	GlobalSection(SolutionConfigurationPlatforms) = preSolution
		Debug|Any CPU = Debug|Any CPU
		Debug|x64 = Debug|x64
		Debug|x86 = Debug|x86
		Release|Any CPU = Release|Any CPU
		Release|x64 = Release|x64
		Release|x86 = Release|x86
	EndGlobalSection
	GlobalSection(SolutionProperties) = preSolution
		HideSolutionNode = FALSE
	EndGlobalSection
	GlobalSection(ProjectConfigurationPlatforms) = postSolution
		{9BAFF01E-B0FB-436A-A5D4-AB8BF42A0EB4}.Debug|Any CPU.ActiveCfg = Debug|Any CPU
		{9BAFF01E-B0FB-436A-A5D4-AB8BF42A0EB4}.Debug|Any CPU.Build.0 = Debug|Any CPU
		{9BAFF01E-B0FB-436A-A5D4-AB8BF42A0EB4}.Debug|x64.ActiveCfg = Debug|Any CPU
		{9BAFF01E-B0FB-436A-A5D4-AB8BF42A0EB4}.Debug|x64.Build.0 = Debug|Any CPU
		{9BAFF01E-B0FB-436A-A5D4-AB8BF42A0EB4}.Debug|x86.ActiveCfg = Debug|Any CPU
		{9BAFF01E-B0FB-436A-A5D4-AB8BF42A0EB4}.Debug|x86.Build.0 = Debug|Any CPU
		{9BAFF01E-B0FB-436A-A5D4-AB8BF42A0EB4}.Release|Any CPU.ActiveCfg = Release|Any CPU
		{9BAFF01E-B0FB-436A-A5D4-AB8BF42A0EB4}.Release|Any CPU.Build.0 = Release|Any CPU
		{9BAFF01E-B0FB-436A-A5D4-AB8BF42A0EB4}.Release|x64.ActiveCfg = Release|Any CPU
		{9BAFF01E-B0FB-436A-A5D4-AB8BF42A0EB4}.Release|x64.Build.0 = Release|Any CPU
		{9BAFF01E-B0FB-436A-A5D4-AB8BF42A0EB4}.Release|x86.ActiveCfg = Release|Any CPU
		{9BAFF01E-B0FB-436A-A5D4-AB8BF42A0EB4}.Release|x86.Build.0 = Release|Any CPU
		{B2A6CDF1-51BA-4DBF-9EC2-F7EB2C9D91BA}.Debug|Any CPU.ActiveCfg = Debug|Any CPU
		{B2A6CDF1-51BA-4DBF-9EC2-F7EB2C9D91BA}.Debug|Any CPU.Build.0 = Debug|Any CPU
		{B2A6CDF1-51BA-4DBF-9EC2-F7EB2C9D91BA}.Debug|x64.ActiveCfg = Debug|Any CPU
		{B2A6CDF1-51BA-4DBF-9EC2-F7EB2C9D91BA}.Debug|x64.Build.0 = Debug|Any CPU
		{B2A6CDF1-51BA-4DBF-9EC2-F7EB2C9D91BA}.Debug|x86.ActiveCfg = Debug|Any CPU
		{B2A6CDF1-51BA-4DBF-9EC2-F7EB2C9D91BA}.Debug|x86.Build.0 = Debug|Any CPU
		{B2A6CDF1-51BA-4DBF-9EC2-F7EB2C9D91BA}.Release|Any CPU.ActiveCfg = Release|Any CPU
		{B2A6CDF1-51BA-4DBF-9EC2-F7EB2C9D91BA}.Release|Any CPU.Build.0 = Release|Any CPU
		{B2A6CDF1-51BA-4DBF-9EC2-F7EB2C9D91BA}.Release|x64.ActiveCfg = Release|Any CPU
		{B2A6CDF1-51BA-4DBF-9EC2-F7EB2C9D91BA}.Release|x64.Build.0 = Release|Any CPU
		{B2A6CDF1-51BA-4DBF-9EC2-F7EB2C9D91BA}.Release|x86.ActiveCfg = Release|Any CPU
		{B2A6CDF1-51BA-4DBF-9EC2-F7EB2C9D91BA}.Release|x86.Build.0 = Release|Any CPU
		{7BE2A8C9-AB1D-4B08-BE7B-40B60DDADE0F}.Debug|Any CPU.ActiveCfg = Debug|Any CPU
		{7BE2A8C9-AB1D-4B08-BE7B-40B60DDADE0F}.Debug|Any CPU.Build.0 = Debug|Any CPU
		{7BE2A8C9-AB1D-4B08-BE7B-40B60DDADE0F}.Debug|x64.ActiveCfg = Debug|Any CPU
		{7BE2A8C9-AB1D-4B08-BE7B-40B60DDADE0F}.Debug|x64.Build.0 = Debug|Any CPU
		{7BE2A8C9-AB1D-4B08-BE7B-40B60DDADE0F}.Debug|x86.ActiveCfg = Debug|Any CPU
		{7BE2A8C9-AB1D-4B08-BE7B-40B60DDADE0F}.Debug|x86.Build.0 = Debug|Any CPU
		{7BE2A8C9-AB1D-4B08-BE7B-40B60DDADE0F}.Release|Any CPU.ActiveCfg = Release|Any CPU
		{7BE2A8C9-AB1D-4B08-BE7B-40B60DDADE0F}.Release|Any CPU.Build.0 = Release|Any CPU
		{7BE2A8C9-AB1D-4B08-BE7B-40B60DDADE0F}.Release|x64.ActiveCfg = Release|Any CPU
		{7BE2A8C9-AB1D-4B08-BE7B-40B60DDADE0F}.Release|x64.Build.0 = Release|Any CPU
		{7BE2A8C9-AB1D-4B08-BE7B-40B60DDADE0F}.Release|x86.ActiveCfg = Release|Any CPU
		{7BE2A8C9-AB1D-4B08-BE7B-40B60DDADE0F}.Release|x86.Build.0 = Release|Any CPU
		{980C4401-A12B-4D32-B9F1-BB3A53923893}.Debug|Any CPU.ActiveCfg = Debug|Any CPU
		{980C4401-A12B-4D32-B9F1-BB3A53923893}.Debug|Any CPU.Build.0 = Debug|Any CPU
		{980C4401-A12B-4D32-B9F1-BB3A53923893}.Debug|x64.ActiveCfg = Debug|Any CPU
		{980C4401-A12B-4D32-B9F1-BB3A53923893}.Debug|x64.Build.0 = Debug|Any CPU
		{980C4401-A12B-4D32-B9F1-BB3A53923893}.Debug|x86.ActiveCfg = Debug|Any CPU
		{980C4401-A12B-4D32-B9F1-BB3A53923893}.Debug|x86.Build.0 = Debug|Any CPU
		{980C4401-A12B-4D32-B9F1-BB3A53923893}.Release|Any CPU.ActiveCfg = Release|Any CPU
		{980C4401-A12B-4D32-B9F1-BB3A53923893}.Release|Any CPU.Build.0 = Release|Any CPU
		{980C4401-A12B-4D32-B9F1-BB3A53923893}.Release|x64.ActiveCfg = Release|Any CPU
		{980C4401-A12B-4D32-B9F1-BB3A53923893}.Release|x64.Build.0 = Release|Any CPU
		{980C4401-A12B-4D32-B9F1-BB3A53923893}.Release|x86.ActiveCfg = Release|Any CPU
		{980C4401-A12B-4D32-B9F1-BB3A53923893}.Release|x86.Build.0 = Release|Any CPU
		{09297076-7415-48F2-9247-DB1034B6A356}.Debug|Any CPU.ActiveCfg = Debug|Any CPU
		{09297076-7415-48F2-9247-DB1034B6A356}.Debug|Any CPU.Build.0 = Debug|Any CPU
		{09297076-7415-48F2-9247-DB1034B6A356}.Debug|x64.ActiveCfg = Debug|Any CPU
		{09297076-7415-48F2-9247-DB1034B6A356}.Debug|x64.Build.0 = Debug|Any CPU
		{09297076-7415-48F2-9247-DB1034B6A356}.Debug|x86.ActiveCfg = Debug|Any CPU
		{09297076-7415-48F2-9247-DB1034B6A356}.Debug|x86.Build.0 = Debug|Any CPU
		{09297076-7415-48F2-9247-DB1034B6A356}.Release|Any CPU.ActiveCfg = Release|Any CPU
		{09297076-7415-48F2-9247-DB1034B6A356}.Release|Any CPU.Build.0 = Release|Any CPU
		{09297076-7415-48F2-9247-DB1034B6A356}.Release|x64.ActiveCfg = Release|Any CPU
		{09297076-7415-48F2-9247-DB1034B6A356}.Release|x64.Build.0 = Release|Any CPU
		{09297076-7415-48F2-9247-DB1034B6A356}.Release|x86.ActiveCfg = Release|Any CPU
		{09297076-7415-48F2-9247-DB1034B6A356}.Release|x86.Build.0 = Release|Any CPU
		{599B51C8-990E-4E0B-9CD4-B2E0DC06D645}.Debug|Any CPU.ActiveCfg = Debug|Any CPU
		{599B51C8-990E-4E0B-9CD4-B2E0DC06D645}.Debug|Any CPU.Build.0 = Debug|Any CPU
		{599B51C8-990E-4E0B-9CD4-B2E0DC06D645}.Debug|x64.ActiveCfg = Debug|Any CPU
		{599B51C8-990E-4E0B-9CD4-B2E0DC06D645}.Debug|x64.Build.0 = Debug|Any CPU
		{599B51C8-990E-4E0B-9CD4-B2E0DC06D645}.Debug|x86.ActiveCfg = Debug|Any CPU
		{599B51C8-990E-4E0B-9CD4-B2E0DC06D645}.Debug|x86.Build.0 = Debug|Any CPU
		{599B51C8-990E-4E0B-9CD4-B2E0DC06D645}.Release|Any CPU.ActiveCfg = Release|Any CPU
		{599B51C8-990E-4E0B-9CD4-B2E0DC06D645}.Release|Any CPU.Build.0 = Release|Any CPU
		{599B51C8-990E-4E0B-9CD4-B2E0DC06D645}.Release|x64.ActiveCfg = Release|Any CPU
		{599B51C8-990E-4E0B-9CD4-B2E0DC06D645}.Release|x64.Build.0 = Release|Any CPU
		{599B51C8-990E-4E0B-9CD4-B2E0DC06D645}.Release|x86.ActiveCfg = Release|Any CPU
		{599B51C8-990E-4E0B-9CD4-B2E0DC06D645}.Release|x86.Build.0 = Release|Any CPU
		{B6F723B5-E3A4-403D-8933-24D022A91DDF}.Debug|Any CPU.ActiveCfg = Debug|Any CPU
		{B6F723B5-E3A4-403D-8933-24D022A91DDF}.Debug|Any CPU.Build.0 = Debug|Any CPU
		{B6F723B5-E3A4-403D-8933-24D022A91DDF}.Debug|x64.ActiveCfg = Debug|Any CPU
		{B6F723B5-E3A4-403D-8933-24D022A91DDF}.Debug|x64.Build.0 = Debug|Any CPU
		{B6F723B5-E3A4-403D-8933-24D022A91DDF}.Debug|x86.ActiveCfg = Debug|Any CPU
		{B6F723B5-E3A4-403D-8933-24D022A91DDF}.Debug|x86.Build.0 = Debug|Any CPU
		{B6F723B5-E3A4-403D-8933-24D022A91DDF}.Release|Any CPU.ActiveCfg = Release|Any CPU
		{B6F723B5-E3A4-403D-8933-24D022A91DDF}.Release|Any CPU.Build.0 = Release|Any CPU
		{B6F723B5-E3A4-403D-8933-24D022A91DDF}.Release|x64.ActiveCfg = Release|Any CPU
		{B6F723B5-E3A4-403D-8933-24D022A91DDF}.Release|x64.Build.0 = Release|Any CPU
		{B6F723B5-E3A4-403D-8933-24D022A91DDF}.Release|x86.ActiveCfg = Release|Any CPU
		{B6F723B5-E3A4-403D-8933-24D022A91DDF}.Release|x86.Build.0 = Release|Any CPU
		{923A26E3-3747-4E9A-A5CC-F33CBAC97C39}.Debug|Any CPU.ActiveCfg = Debug|Any CPU
		{923A26E3-3747-4E9A-A5CC-F33CBAC97C39}.Debug|Any CPU.Build.0 = Debug|Any CPU
		{923A26E3-3747-4E9A-A5CC-F33CBAC97C39}.Debug|x64.ActiveCfg = Debug|Any CPU
		{923A26E3-3747-4E9A-A5CC-F33CBAC97C39}.Debug|x64.Build.0 = Debug|Any CPU
		{923A26E3-3747-4E9A-A5CC-F33CBAC97C39}.Debug|x86.ActiveCfg = Debug|Any CPU
		{923A26E3-3747-4E9A-A5CC-F33CBAC97C39}.Debug|x86.Build.0 = Debug|Any CPU
		{923A26E3-3747-4E9A-A5CC-F33CBAC97C39}.Release|Any CPU.ActiveCfg = Release|Any CPU
		{923A26E3-3747-4E9A-A5CC-F33CBAC97C39}.Release|Any CPU.Build.0 = Release|Any CPU
		{923A26E3-3747-4E9A-A5CC-F33CBAC97C39}.Release|x64.ActiveCfg = Release|Any CPU
		{923A26E3-3747-4E9A-A5CC-F33CBAC97C39}.Release|x64.Build.0 = Release|Any CPU
		{923A26E3-3747-4E9A-A5CC-F33CBAC97C39}.Release|x86.ActiveCfg = Release|Any CPU
		{923A26E3-3747-4E9A-A5CC-F33CBAC97C39}.Release|x86.Build.0 = Release|Any CPU
		{56C009CB-EDC2-4A63-BD56-28D5A89F1540}.Debug|Any CPU.ActiveCfg = Debug|Any CPU
		{56C009CB-EDC2-4A63-BD56-28D5A89F1540}.Debug|Any CPU.Build.0 = Debug|Any CPU
		{56C009CB-EDC2-4A63-BD56-28D5A89F1540}.Debug|x64.ActiveCfg = Debug|Any CPU
		{56C009CB-EDC2-4A63-BD56-28D5A89F1540}.Debug|x64.Build.0 = Debug|Any CPU
		{56C009CB-EDC2-4A63-BD56-28D5A89F1540}.Debug|x86.ActiveCfg = Debug|Any CPU
		{56C009CB-EDC2-4A63-BD56-28D5A89F1540}.Debug|x86.Build.0 = Debug|Any CPU
		{56C009CB-EDC2-4A63-BD56-28D5A89F1540}.Release|Any CPU.ActiveCfg = Release|Any CPU
		{56C009CB-EDC2-4A63-BD56-28D5A89F1540}.Release|Any CPU.Build.0 = Release|Any CPU
		{56C009CB-EDC2-4A63-BD56-28D5A89F1540}.Release|x64.ActiveCfg = Release|Any CPU
		{56C009CB-EDC2-4A63-BD56-28D5A89F1540}.Release|x64.Build.0 = Release|Any CPU
		{56C009CB-EDC2-4A63-BD56-28D5A89F1540}.Release|x86.ActiveCfg = Release|Any CPU
		{56C009CB-EDC2-4A63-BD56-28D5A89F1540}.Release|x86.Build.0 = Release|Any CPU
	EndGlobalSection
	GlobalSection(NestedProjects) = preSolution
		{923A26E3-3747-4E9A-A5CC-F33CBAC97C39} = {452EE5BF-316B-4BF1-9AC9-96A07AB653C2}
		{56C009CB-EDC2-4A63-BD56-28D5A89F1540} = {452EE5BF-316B-4BF1-9AC9-96A07AB653C2}
	EndGlobalSection
EndGlobal
